# THIS IS AN AUTOGENERATED FILE. DO NOT EDIT THIS FILE DIRECTLY.
# yarn lockfile v1


"@alloc/quick-lru@^5.2.0":
  version "5.2.0"
  resolved "https://registry.yarnpkg.com/@alloc/quick-lru/-/quick-lru-5.2.0.tgz#7bf68b20c0a350f936915fcae06f58e32007ce30"
  integrity sha512-UrcABB+4bUrFABwbluTIBErXwvbsU/V7TZWfmbgJfbkwiBuziS9gxdODUyuiecfdGQ85jglMW6juS3+z5TsKLw==

"@drupal/once@^1.0.1":
  version "1.0.1"
  resolved "https://registry.yarnpkg.com/@drupal/once/-/once-1.0.1.tgz#7c1ef480aec6d5fa4b5ae986afa5a607afc38482"
  integrity sha512-O8tQmNDBgSm3ADuFZ5OZlGxsrdsc+pEqd1NBoMpSzWwiOnWwC91tqDwnlX+mDh7sBJoJ+4vVwFh0NLUV4LPFvg==

"@splidejs/splide@^4.1.4":
  version "4.1.4"
  resolved "https://registry.yarnpkg.com/@splidejs/splide/-/splide-4.1.4.tgz#02d029360569e7d75d28357a9727fc48322015a3"
  integrity sha512-5I30evTJcAJQXt6vJ26g2xEkG+l1nXcpEw4xpKh0/FWQ8ozmAeTbtniVtVmz2sH1Es3vgfC4SS8B2X4o5JMptA==

"@tailwindcss/forms@^0.5.3":
  version "0.5.10"
  resolved "https://registry.yarnpkg.com/@tailwindcss/forms/-/forms-0.5.10.tgz#0a1cd67b6933402f1985a04595bd24f9785aa302"
  integrity sha512-utI1ONF6uf/pPNO68kmN1b8rEwNXv3czukalo8VtJH8ksIkZXr3Q3VYudZLkCsDd4Wku120uF02hYK25XGPorw==
  dependencies:
    mini-svg-data-uri "^1.2.3"

"@tailwindcss/node@4.0.8":
  version "4.0.8"
  resolved "https://registry.yarnpkg.com/@tailwindcss/node/-/node-4.0.8.tgz#75ca63b1d45b82a33412c7468fe423bcdb1e699b"
  integrity sha512-FKArQpbrbwv08TNT0k7ejYXpF+R8knZFAatNc0acOxbgeqLzwb86r+P3LGOjIeI3Idqe9CVkZrh4GlsJLJKkkw==
  dependencies:
    enhanced-resolve "^5.18.1"
    jiti "^2.4.2"
    tailwindcss "4.0.8"

"@tailwindcss/oxide-android-arm64@4.0.8":
  version "4.0.8"
  resolved "https://registry.yarnpkg.com/@tailwindcss/oxide-android-arm64/-/oxide-android-arm64-4.0.8.tgz#74f18839f95d93494cf8769414e99e4360c0416a"
  integrity sha512-We7K79+Sm4mwJHk26Yzu/GAj7C7myemm7PeXvpgMxyxO70SSFSL3uCcqFbz9JA5M5UPkrl7N9fkBe/Y0iazqpA==

"@tailwindcss/oxide-darwin-arm64@4.0.8":
  version "4.0.8"
  resolved "https://registry.yarnpkg.com/@tailwindcss/oxide-darwin-arm64/-/oxide-darwin-arm64-4.0.8.tgz#33f64d750975ffc354a6dd3ded4c77cc5f4c2f1d"
  integrity sha512-Lv9Isi2EwkCTG1sRHNDi0uRNN1UGFdEThUAGFrydRmQZnraGLMjN8gahzg2FFnOizDl7LB2TykLUuiw833DSNg==

"@tailwindcss/oxide-darwin-x64@4.0.8":
  version "4.0.8"
  resolved "https://registry.yarnpkg.com/@tailwindcss/oxide-darwin-x64/-/oxide-darwin-x64-4.0.8.tgz#8f8b06f99ac234ceae39ad6ce5d3b00550ceb94a"
  integrity sha512-fWfywfYIlSWtKoqWTjukTHLWV3ARaBRjXCC2Eo0l6KVpaqGY4c2y8snUjp1xpxUtpqwMvCvFWFaleMoz1Vhzlw==

"@tailwindcss/oxide-freebsd-x64@4.0.8":
  version "4.0.8"
  resolved "https://registry.yarnpkg.com/@tailwindcss/oxide-freebsd-x64/-/oxide-freebsd-x64-4.0.8.tgz#d12ddba4bf21a9b7b065fcda2c38ddfbbe270e57"
  integrity sha512-SO+dyvjJV9G94bnmq2288Ke0BIdvrbSbvtPLaQdqjqHR83v5L2fWADyFO+1oecHo9Owsk8MxcXh1agGVPIKIqw==

"@tailwindcss/oxide-linux-arm-gnueabihf@4.0.8":
  version "4.0.8"
  resolved "https://registry.yarnpkg.com/@tailwindcss/oxide-linux-arm-gnueabihf/-/oxide-linux-arm-gnueabihf-4.0.8.tgz#14b1ceca78509177c3fcb17fcc5865848fe06198"
  integrity sha512-ZSHggWiEblQNV69V0qUK5vuAtHP+I+S2eGrKGJ5lPgwgJeAd6GjLsVBN+Mqn2SPVfYM3BOpS9jX/zVg9RWQVDQ==

"@tailwindcss/oxide-linux-arm64-gnu@4.0.8":
  version "4.0.8"
  resolved "https://registry.yarnpkg.com/@tailwindcss/oxide-linux-arm64-gnu/-/oxide-linux-arm64-gnu-4.0.8.tgz#6862289d7b7ea540d0a6dba394b828e71b3da481"
  integrity sha512-xWpr6M0OZLDNsr7+bQz+3X7zcnDJZJ1N9gtBWCtfhkEtDjjxYEp+Lr5L5nc/yXlL4MyCHnn0uonGVXy3fhxaVA==

"@tailwindcss/oxide-linux-arm64-musl@4.0.8":
  version "4.0.8"
  resolved "https://registry.yarnpkg.com/@tailwindcss/oxide-linux-arm64-musl/-/oxide-linux-arm64-musl-4.0.8.tgz#0900236a6958dd1e64b5fd89e6006529d8ccd440"
  integrity sha512-5tz2IL7LN58ssGEq7h/staD7pu/izF/KeMWdlJ86WDe2Ah46LF3ET6ZGKTr5eZMrnEA0M9cVFuSPprKRHNgjeg==

"@tailwindcss/oxide-linux-x64-gnu@4.0.8":
  version "4.0.8"
  resolved "https://registry.yarnpkg.com/@tailwindcss/oxide-linux-x64-gnu/-/oxide-linux-x64-gnu-4.0.8.tgz#b43f192f5fbaa0dd6e8f312c91b66f924911225a"
  integrity sha512-KSzMkhyrxAQyY2o194NKVKU9j/c+NFSoMvnHWFaNHKi3P1lb+Vq1UC19tLHrmxSkKapcMMu69D7+G1+FVGNDXQ==

"@tailwindcss/oxide-linux-x64-musl@4.0.8":
  version "4.0.8"
  resolved "https://registry.yarnpkg.com/@tailwindcss/oxide-linux-x64-musl/-/oxide-linux-x64-musl-4.0.8.tgz#7f4ede0e39e616cf4e6fc5d97ce6cf05d3bcb793"
  integrity sha512-yFYKG5UtHTRimjtqxUWXBgI4Tc6NJe3USjRIVdlTczpLRxq/SFwgzGl5JbatCxgSRDPBFwRrNPxq+ukfQFGdrw==

"@tailwindcss/oxide-win32-arm64-msvc@4.0.8":
  version "4.0.8"
  resolved "https://registry.yarnpkg.com/@tailwindcss/oxide-win32-arm64-msvc/-/oxide-win32-arm64-msvc-4.0.8.tgz#cb2e59d56c1846e841f02d7d36d2bcb4471b8ecd"
  integrity sha512-tndGujmCSba85cRCnQzXgpA2jx5gXimyspsUYae5jlPyLRG0RjXbDshFKOheVXU4TLflo7FSG8EHCBJ0EHTKdQ==

"@tailwindcss/oxide-win32-x64-msvc@4.0.8":
  version "4.0.8"
  resolved "https://registry.yarnpkg.com/@tailwindcss/oxide-win32-x64-msvc/-/oxide-win32-x64-msvc-4.0.8.tgz#6e07be61664d734208ca87b1163cf85aadd2efd1"
  integrity sha512-T77jroAc0p4EHVVgTUiNeFn6Nj3jtD3IeNId2X+0k+N1XxfNipy81BEkYErpKLiOkNhpNFjPee8/ZVas29b2OQ==

"@tailwindcss/oxide@4.0.8":
  version "4.0.8"
  resolved "https://registry.yarnpkg.com/@tailwindcss/oxide/-/oxide-4.0.8.tgz#b87b75b381d9b3e2f2a3ae6c2a60db8e15697bb9"
  integrity sha512-KfMcuAu/Iw+DcV1e8twrFyr2yN8/ZDC/odIGta4wuuJOGkrkHZbvJvRNIbQNhGh7erZTYV6Ie0IeD6WC9Y8Hcw==
  optionalDependencies:
    "@tailwindcss/oxide-android-arm64" "4.0.8"
    "@tailwindcss/oxide-darwin-arm64" "4.0.8"
    "@tailwindcss/oxide-darwin-x64" "4.0.8"
    "@tailwindcss/oxide-freebsd-x64" "4.0.8"
    "@tailwindcss/oxide-linux-arm-gnueabihf" "4.0.8"
    "@tailwindcss/oxide-linux-arm64-gnu" "4.0.8"
    "@tailwindcss/oxide-linux-arm64-musl" "4.0.8"
    "@tailwindcss/oxide-linux-x64-gnu" "4.0.8"
    "@tailwindcss/oxide-linux-x64-musl" "4.0.8"
    "@tailwindcss/oxide-win32-arm64-msvc" "4.0.8"
    "@tailwindcss/oxide-win32-x64-msvc" "4.0.8"

"@tailwindcss/postcss@^4.0.8":
  version "4.0.8"
  resolved "https://registry.yarnpkg.com/@tailwindcss/postcss/-/postcss-4.0.8.tgz#5e6e3f01ca15ec074c558ec20a379c007bc09fea"
  integrity sha512-SUwlrXjn1ycmUbA0o0n3Y0LqlXqxN5R8HR+ti+OBbRS79wl2seDmiypEs3xJCuQXe07ol81s1AmRMitBmPveJA==
  dependencies:
    "@alloc/quick-lru" "^5.2.0"
    "@tailwindcss/node" "4.0.8"
    "@tailwindcss/oxide" "4.0.8"
    lightningcss "^1.29.1"
    postcss "^8.4.41"
    tailwindcss "4.0.8"

"@tailwindcss/typography@^0.5.0":
  version "0.5.16"
  resolved "https://registry.yarnpkg.com/@tailwindcss/typography/-/typography-0.5.16.tgz#a926c8f44d5c439b2915e231cad80058850047c6"
  integrity sha512-0wDLwCVF5V3x3b1SGXPCDcdsbDHMBe+lkFzBRaHeLvNi+nrrnZ1lA18u+OTWO8iSWU2GxUOCvlXtDuqftc1oiA==
  dependencies:
    lodash.castarray "^4.4.0"
    lodash.isplainobject "^4.0.6"
    lodash.merge "^4.6.2"
    postcss-selector-parser "6.0.10"

"@vue/reactivity@~3.1.1":
  version "3.1.5"
  resolved "https://registry.yarnpkg.com/@vue/reactivity/-/reactivity-3.1.5.tgz#dbec4d9557f7c8f25c2635db1e23a78a729eb991"
  integrity sha512-1tdfLmNjWG6t/CsPldh+foumYFo3cpyCHgBYQ34ylaMsJ+SNHQ1kApMIa8jN+i593zQuaw3AdWH0nJTARzCFhg==
  dependencies:
    "@vue/shared" "3.1.5"

"@vue/shared@3.1.5":
  version "3.1.5"
  resolved "https://registry.yarnpkg.com/@vue/shared/-/shared-3.1.5.tgz#74ee3aad995d0a3996a6bb9533d4d280514ede03"
  integrity sha512-oJ4F3TnvpXaQwZJNF3ZK+kLPHKarDmJjJ6jyzVNDKH9md1dptjC7lWR//jrGuLdek/U6iltWxqAnYOu8gCiOvA==

alpinejs@^3.12.0:
  version "3.14.8"
  resolved "https://registry.yarnpkg.com/alpinejs/-/alpinejs-3.14.8.tgz#062de45daa219db14375b3cb35ba28e5b0627337"
  integrity sha512-wT2fuP2DXpGk/jKaglwy7S/IJpm1FD+b7U6zUrhwErjoq5h27S4dxkJEXVvhbdwyPv9U+3OkUuNLkZT4h2Kfrg==
  dependencies:
    "@vue/reactivity" "~3.1.1"

cssesc@^3.0.0:
  version "3.0.0"
  resolved "https://registry.yarnpkg.com/cssesc/-/cssesc-3.0.0.tgz#37741919903b868565e1c09ea747445cd18983ee"
  integrity sha512-/Tb/JcjK111nNScGob5MNtsntNM1aCNUDipB/TkwZFhyDrrE47SOx/18wF2bbjgc3ZzCSKW1T5nt5EbFoAz/Vg==

daisyui@^5.0.0-beta.8:
  version "5.0.0-beta.8"
  resolved "https://registry.yarnpkg.com/daisyui/-/daisyui-5.0.0-beta.8.tgz#32aacc5c995460638f1128428ce60d48989c4f15"
  integrity sha512-jSokqm5i+Pv1jG80wliNzMHjmcF+iMx5xRUpk0/QExVoVNyQNWeCsaWJQubPvUq7bt9nzSsQTR2uIZBoyIIoaA==

detect-libc@^1.0.3:
  version "1.0.3"
  resolved "https://registry.yarnpkg.com/detect-libc/-/detect-libc-1.0.3.tgz#fa137c4bd698edf55cd5cd02ac559f91a4c4ba9b"
  integrity sha512-pGjwhsmsp4kL2RTz08wcOlGN83otlqHeD/Z5T8GXZB+/YcpQ/dgo+lbU8ZsGxV0HIvqqxo9l7mqYwyYMD9bKDg==

enhanced-resolve@^5.18.1:
  version "5.18.1"
  resolved "https://registry.yarnpkg.com/enhanced-resolve/-/enhanced-resolve-5.18.1.tgz#728ab082f8b7b6836de51f1637aab5d3b9568faf"
  integrity sha512-ZSW3ma5GkcQBIpwZTSRAI8N71Uuwgs93IezB7mf7R60tC8ZbJideoDNKjHn2O9KIlx6rkGTTEk1xUCK2E1Y2Yg==
  dependencies:
    graceful-fs "^4.2.4"
    tapable "^2.2.0"

graceful-fs@^4.2.4:
  version "4.2.11"
  resolved "https://registry.yarnpkg.com/graceful-fs/-/graceful-fs-4.2.11.tgz#4183e4e8bf08bb6e05bbb2f7d2e0c8f712ca40e3"
  integrity sha512-RbJ5/jmFcNNCcDV5o9eTnBLJ/HszWV0P73bc+Ff4nS/rJj+YaS6IGyiOL0VoBYX+l1Wrl3k63h/KrH+nhJ0XvQ==

jiti@^2.4.2:
  version "2.4.2"
  resolved "https://registry.yarnpkg.com/jiti/-/jiti-2.4.2.tgz#d19b7732ebb6116b06e2038da74a55366faef560"
  integrity sha512-rg9zJN+G4n2nfJl5MW3BMygZX56zKPNVEYYqq7adpmMh4Jn2QNEwhvQlFy6jPVdcod7txZtKHWnyZiA3a0zP7A==

lightningcss-darwin-arm64@1.29.1:
  version "1.29.1"
  resolved "https://registry.yarnpkg.com/lightningcss-darwin-arm64/-/lightningcss-darwin-arm64-1.29.1.tgz#dce17349c7b9f968f396ec240503de14e7b4870b"
  integrity sha512-HtR5XJ5A0lvCqYAoSv2QdZZyoHNttBpa5EP9aNuzBQeKGfbyH5+UipLWvVzpP4Uml5ej4BYs5I9Lco9u1fECqw==

lightningcss-darwin-x64@1.29.1:
  version "1.29.1"
  resolved "https://registry.yarnpkg.com/lightningcss-darwin-x64/-/lightningcss-darwin-x64-1.29.1.tgz#e79c984180c57d00ee114210ceced83473d72dfc"
  integrity sha512-k33G9IzKUpHy/J/3+9MCO4e+PzaFblsgBjSGlpAaFikeBFm8B/CkO3cKU9oI4g+fjS2KlkLM/Bza9K/aw8wsNA==

lightningcss-freebsd-x64@1.29.1:
  version "1.29.1"
  resolved "https://registry.yarnpkg.com/lightningcss-freebsd-x64/-/lightningcss-freebsd-x64-1.29.1.tgz#4b3aec9620684a60c45266d50fd843869320f42f"
  integrity sha512-0SUW22fv/8kln2LnIdOCmSuXnxgxVC276W5KLTwoehiO0hxkacBxjHOL5EtHD8BAXg2BvuhsJPmVMasvby3LiQ==

lightningcss-linux-arm-gnueabihf@1.29.1:
  version "1.29.1"
  resolved "https://registry.yarnpkg.com/lightningcss-linux-arm-gnueabihf/-/lightningcss-linux-arm-gnueabihf-1.29.1.tgz#b80e9c4dd75652bec451ffd4d5779492a01791ff"
  integrity sha512-sD32pFvlR0kDlqsOZmYqH/68SqUMPNj+0pucGxToXZi4XZgZmqeX/NkxNKCPsswAXU3UeYgDSpGhu05eAufjDg==

lightningcss-linux-arm64-gnu@1.29.1:
  version "1.29.1"
  resolved "https://registry.yarnpkg.com/lightningcss-linux-arm64-gnu/-/lightningcss-linux-arm64-gnu-1.29.1.tgz#7825eb119ddf580a4a4f011c6f384a3f9c992060"
  integrity sha512-0+vClRIZ6mmJl/dxGuRsE197o1HDEeeRk6nzycSy2GofC2JsY4ifCRnvUWf/CUBQmlrvMzt6SMQNMSEu22csWQ==

lightningcss-linux-arm64-musl@1.29.1:
  version "1.29.1"
  resolved "https://registry.yarnpkg.com/lightningcss-linux-arm64-musl/-/lightningcss-linux-arm64-musl-1.29.1.tgz#389efccf80088dce2bb00e28bd7d1cfe36a71669"
  integrity sha512-UKMFrG4rL/uHNgelBsDwJcBqVpzNJbzsKkbI3Ja5fg00sgQnHw/VrzUTEc4jhZ+AN2BvQYz/tkHu4vt1kLuJyw==

lightningcss-linux-x64-gnu@1.29.1:
  version "1.29.1"
  resolved "https://registry.yarnpkg.com/lightningcss-linux-x64-gnu/-/lightningcss-linux-x64-gnu-1.29.1.tgz#98fc5df5e39ac8ddc51e51f785849eb21131f789"
  integrity sha512-u1S+xdODy/eEtjADqirA774y3jLcm8RPtYztwReEXoZKdzgsHYPl0s5V52Tst+GKzqjebkULT86XMSxejzfISw==

lightningcss-linux-x64-musl@1.29.1:
  version "1.29.1"
  resolved "https://registry.yarnpkg.com/lightningcss-linux-x64-musl/-/lightningcss-linux-x64-musl-1.29.1.tgz#fb4f80895ba7dfa8048ee32e9716a1684fefd6b2"
  integrity sha512-L0Tx0DtaNUTzXv0lbGCLB/c/qEADanHbu4QdcNOXLIe1i8i22rZRpbT3gpWYsCh9aSL9zFujY/WmEXIatWvXbw==

lightningcss-win32-arm64-msvc@1.29.1:
  version "1.29.1"
  resolved "https://registry.yarnpkg.com/lightningcss-win32-arm64-msvc/-/lightningcss-win32-arm64-msvc-1.29.1.tgz#fd4409fd1505d89d0ff66511c36df5a1379eb7cd"
  integrity sha512-QoOVnkIEFfbW4xPi+dpdft/zAKmgLgsRHfJalEPYuJDOWf7cLQzYg0DEh8/sn737FaeMJxHZRc1oBreiwZCjog==

lightningcss-win32-x64-msvc@1.29.1:
  version "1.29.1"
  resolved "https://registry.yarnpkg.com/lightningcss-win32-x64-msvc/-/lightningcss-win32-x64-msvc-1.29.1.tgz#54dcd52884f6cbf205a53d49239559603f194927"
  integrity sha512-NygcbThNBe4JElP+olyTI/doBNGJvLs3bFCRPdvuCcxZCcCZ71B858IHpdm7L1btZex0FvCmM17FK98Y9MRy1Q==

lightningcss@^1.29.1:
  version "1.29.1"
  resolved "https://registry.yarnpkg.com/lightningcss/-/lightningcss-1.29.1.tgz#1d4d62332fc5ba4b6c28e04a8c5638c76019702b"
  integrity sha512-FmGoeD4S05ewj+AkhTY+D+myDvXI6eL27FjHIjoyUkO/uw7WZD1fBVs0QxeYWa7E17CUHJaYX/RUGISCtcrG4Q==
  dependencies:
    detect-libc "^1.0.3"
  optionalDependencies:
    lightningcss-darwin-arm64 "1.29.1"
    lightningcss-darwin-x64 "1.29.1"
    lightningcss-freebsd-x64 "1.29.1"
    lightningcss-linux-arm-gnueabihf "1.29.1"
    lightningcss-linux-arm64-gnu "1.29.1"
    lightningcss-linux-arm64-musl "1.29.1"
    lightningcss-linux-x64-gnu "1.29.1"
    lightningcss-linux-x64-musl "1.29.1"
    lightningcss-win32-arm64-msvc "1.29.1"
    lightningcss-win32-x64-msvc "1.29.1"

lodash.castarray@^4.4.0:
  version "4.4.0"
  resolved "https://registry.yarnpkg.com/lodash.castarray/-/lodash.castarray-4.4.0.tgz#c02513515e309daddd4c24c60cfddcf5976d9115"
  integrity sha512-aVx8ztPv7/2ULbArGJ2Y42bG1mEQ5mGjpdvrbJcJFU3TbYybe+QlLS4pst9zV52ymy2in1KpFPiZnAOATxD4+Q==

lodash.isplainobject@^4.0.6:
  version "4.0.6"
  resolved "https://registry.yarnpkg.com/lodash.isplainobject/-/lodash.isplainobject-4.0.6.tgz#7c526a52d89b45c45cc690b88163be0497f550cb"
  integrity sha512-oSXzaWypCMHkPC3NvBEaPHf0KsA5mvPrOPgQWDsbg8n7orZ290M0BmC/jgRZ4vcJ6DTAhjrsSYgdsW/F+MFOBA==

lodash.merge@^4.6.2:
  version "4.6.2"
  resolved "https://registry.yarnpkg.com/lodash.merge/-/lodash.merge-4.6.2.tgz#558aa53b43b661e1925a0afdfa36a9a1085fe57a"
  integrity sha512-0KpjqXRVvrYyCsX1swR/XTK0va6VQkQM6MNo7PqW77ByjAhoARA8EfrP1N4+KlKj8YS0ZUCtRT/YUuhyYDujIQ==

mini-svg-data-uri@^1.2.3:
  version "1.4.4"
  resolved "https://registry.yarnpkg.com/mini-svg-data-uri/-/mini-svg-data-uri-1.4.4.tgz#8ab0aabcdf8c29ad5693ca595af19dd2ead09939"
  integrity sha512-r9deDe9p5FJUPZAk3A59wGH7Ii9YrjjWw0jmw/liSbHl2CHiyXj6FcDXDu2K3TjVAXqiJdaw3xxwlZZr9E6nHg==

nanoid@^3.3.8:
  version "3.3.8"
  resolved "https://registry.yarnpkg.com/nanoid/-/nanoid-3.3.8.tgz#b1be3030bee36aaff18bacb375e5cce521684baf"
  integrity sha512-WNLf5Sd8oZxOm+TzppcYk8gVOgP+l58xNy58D0nbUnOxOWRWvlcCV4kUF7ltmI6PsrLl/BgKEyS4mqsGChFN0w==

picocolors@^1.1.1:
  version "1.1.1"
  resolved "https://registry.yarnpkg.com/picocolors/-/picocolors-1.1.1.tgz#3d321af3eab939b083c8f929a1d12cda81c26b6b"
  integrity sha512-xceH2snhtb5M9liqDsmEw56le376mTZkEX/jEb/RxNFyegNul7eNslCXP9FDj/Lcu0X8KEyMceP2ntpaHrDEVA==

postcss-selector-parser@6.0.10:
  version "6.0.10"
  resolved "https://registry.yarnpkg.com/postcss-selector-parser/-/postcss-selector-parser-6.0.10.tgz#79b61e2c0d1bfc2602d549e11d0876256f8df88d"
  integrity sha512-IQ7TZdoaqbT+LCpShg46jnZVlhWD2w6iQYAcYXfHARZ7X1t/UGhhceQDs5X0cGqKvYlHNOuv7Oa1xmb0oQuA3w==
  dependencies:
    cssesc "^3.0.0"
    util-deprecate "^1.0.2"

postcss@^8.4.41:
  version "8.5.3"
  resolved "https://registry.yarnpkg.com/postcss/-/postcss-8.5.3.tgz#1463b6f1c7fb16fe258736cba29a2de35237eafb"
  integrity sha512-dle9A3yYxlBSrt8Fu+IpjGT8SY8hN0mlaA6GY8t0P5PjIOZemULz/E2Bnm/2dcUOena75OTNkHI76uZBNUUq3A==
  dependencies:
    nanoid "^3.3.8"
    picocolors "^1.1.1"
    source-map-js "^1.2.1"

source-map-js@^1.2.1:
  version "1.2.1"
  resolved "https://registry.yarnpkg.com/source-map-js/-/source-map-js-1.2.1.tgz#1ce5650fddd87abc099eda37dcff024c2667ae46"
  integrity sha512-UXWMKhLOwVKb728IUtQPXxfYU+usdybtUrK/8uGE8CQMvrhOpwvzDBwj0QhSL7MQc7vIsISBG8VQ8+IDQxpfQA==

svg4everybody@^2.1.9:
  version "2.1.9"
  resolved "https://registry.yarnpkg.com/svg4everybody/-/svg4everybody-2.1.9.tgz#5bd9f6defc133859a044646d4743fabc28db7e2d"
  integrity sha512-AS9WORVV/vk520ZHxGTlQzyDBizp/h6WyAYUbKhze/kwvQr43DwJpkIIPBomsUyKqN7N+h1deF92N9PmW+o+9A==

tailwind-hamburgers@^1.3.4:
  version "1.3.5"
  resolved "https://registry.yarnpkg.com/tailwind-hamburgers/-/tailwind-hamburgers-1.3.5.tgz#a0afbc533c6fac6e4c357521b09e9124678c463b"
  integrity sha512-0K1wfXWmF73BP3RWZU/UitFycV85f8gG7P0OZDB47fAjJ00hiv5AaFM3bJBtYynwfMG9vMgx05zpBogKVwyT2Q==

tailwindcss@4.0.8, tailwindcss@^4.0.8:
  version "4.0.8"
  resolved "https://registry.yarnpkg.com/tailwindcss/-/tailwindcss-4.0.8.tgz#25d7fed091aacd16e2a3b8b86d51eea0a482fb1c"
  integrity sha512-Me7N5CKR+D2A1xdWA5t5+kjjT7bwnxZOE6/yDI/ixJdJokszsn2n++mdU5yJwrsTpqFX2B9ZNMBJDwcqk9C9lw==

tapable@^2.2.0:
  version "2.2.1"
  resolved "https://registry.yarnpkg.com/tapable/-/tapable-2.2.1.tgz#1967a73ef4060a82f12ab96af86d52fdb76eeca0"
  integrity sha512-GNzQvQTOIP6RyTfE2Qxb8ZVlNmw0n88vp1szwWRimP02mnTsx3Wtn5qRdqY9w2XduFNUgvOwhNnQsjwCp+kqaQ==

util-deprecate@^1.0.2:
  version "1.0.2"
  resolved "https://registry.yarnpkg.com/util-deprecate/-/util-deprecate-1.0.2.tgz#450d4dc9fa70de732762fbd2d4a28981419a0ccf"
  integrity sha512-EPD5q1uXyFxJpCrLnCc1nHnq3gOa6DZBocAIiI2TaSCA7VCJ1UJDMagCzIkXNsUYfD1daK//LTEQ8xiIbrHtcw==
